// !$*UTF8*$!
{
	archiveVersion = 1;
	classes = {
	};
	objectVersion = 77;
	objects = {

/* Begin PBXBuildFile section */
		092DFF4512259E1CA2ED1ADB /* DockBadgeManager.swift in Sources */ = {isa = PBXBuildFile; fileRef = C27168D309799E097A1AADC2 /* DockBadgeManager.swift */; };
		09CE1EA15058628155CB8FE3 /* MemoItem.swift in Sources */ = {isa = PBXBuildFile; fileRef = 0C0C0C27160C07DC7CF076FE /* MemoItem.swift */; };
		0F538761442609D8A4A38752 /* LocalPathRepositoryImpl.swift in Sources */ = {isa = PBXBuildFile; fileRef = 472ED61589B5113ADEAEB151 /* LocalPathRepositoryImpl.swift */; };
		161651711370A842CCB897C5 /* CalculateStaleStatusUseCase.swift in Sources */ = {isa = PBXBuildFile; fileRef = A40D704AFDA0713DC28176A7 /* CalculateStaleStatusUseCase.swift */; };
		1B691F4B3176149649721FC2 /* GitHubDTOs.swift in Sources */ = {isa = PBXBuildFile; fileRef = 1FEDBC1B513BA6D426864208 /* GitHubDTOs.swift */; };
		227C1D30A832EB1CCC528385 /* GitHubRepositoryImpl.swift in Sources */ = {isa = PBXBuildFile; fileRef = 18A6A28447E30EBAF766D67B /* GitHubRepositoryImpl.swift */; };
		2668B2A492F78CA6C0E40DFE /* ExecuteAgentTaskUseCase.swift in Sources */ = {isa = PBXBuildFile; fileRef = 007F84F22A682BA7F3CE8B59 /* ExecuteAgentTaskUseCase.swift */; };
		29FC4336058E57DA7958AD26 /* AppTheme.swift in Sources */ = {isa = PBXBuildFile; fileRef = 5BCE8E128264A64D9CB5E525 /* AppTheme.swift */; };
		32994964EBD9F7520532C2CA /* UpdateDockBadgeUseCase.swift in Sources */ = {isa = PBXBuildFile; fileRef = 1500A86E003B5A851AF2BA12 /* UpdateDockBadgeUseCase.swift */; };
		36FD5760721A81E5A1AA94A8 /* MainSplitView.swift in Sources */ = {isa = PBXBuildFile; fileRef = A966C1D8BD3A3B795EA72EF7 /* MainSplitView.swift */; };
		39AADA0329891019D9EAE908 /* WorkManagerApp.swift in Sources */ = {isa = PBXBuildFile; fileRef = 752963292FA4C66FD1B194BD /* WorkManagerApp.swift */; };
		3B6EF7D976A310751A79EA79 /* MemoRepositoryImpl.swift in Sources */ = {isa = PBXBuildFile; fileRef = 61804C0A0E6DC30253ACC858 /* MemoRepositoryImpl.swift */; };
		3B716490915E2F5723833D09 /* StaleStatus.swift in Sources */ = {isa = PBXBuildFile; fileRef = E8777510DD8519BD7F06966E /* StaleStatus.swift */; };
		3B8710A02E35FEB3689A174C /* GitHubRepositoryProtocol.swift in Sources */ = {isa = PBXBuildFile; fileRef = 2A98E22F7A180A0F3BE2088B /* GitHubRepositoryProtocol.swift */; };
		41B83BFB89E577BB61C41014 /* AgentTaskTests.swift in Sources */ = {isa = PBXBuildFile; fileRef = B9B61F283DC26EF29BF0F2B4 /* AgentTaskTests.swift */; };
		4BA0E16657C3358B8AD6981C /* TerminalExecutionServiceProtocol.swift in Sources */ = {isa = PBXBuildFile; fileRef = 9C63CDDA8CBAD0938A54EA48 /* TerminalExecutionServiceProtocol.swift */; };
		4F8A15B05657FD189EEE1372 /* SettingsRepositoryImpl.swift in Sources */ = {isa = PBXBuildFile; fileRef = 0D28F638F6A6914FAEDB4B0B /* SettingsRepositoryImpl.swift */; };
		57D489E6D405C90CFEAD10EB /* ScheduleNotificationUseCase.swift in Sources */ = {isa = PBXBuildFile; fileRef = E7B30D1A87A02CDC3B660850 /* ScheduleNotificationUseCase.swift */; };
		59BC72BC73A82A786F91416C /* LocalMemoStorage.swift in Sources */ = {isa = PBXBuildFile; fileRef = 8B160411363C5865AEEFE15F /* LocalMemoStorage.swift */; };
		59DA7A9FED7A113150DDE633 /* LocalPathRepositoryProtocol.swift in Sources */ = {isa = PBXBuildFile; fileRef = 179F6CF556437DA92518C443 /* LocalPathRepositoryProtocol.swift */; };
		5A9C124BECCA97242FD50208 /* SettingsView.swift in Sources */ = {isa = PBXBuildFile; fileRef = 0AB7D32B8A076354961EC010 /* SettingsView.swift */; };
		855A043C45E285A1201CC730 /* SidebarView.swift in Sources */ = {isa = PBXBuildFile; fileRef = 7BAC6D6E9DB8A6681A711198 /* SidebarView.swift */; };
		8B39A74BC1CC7FA77A91A4A0 /* RepositoryListViewModel.swift in Sources */ = {isa = PBXBuildFile; fileRef = 1938A79172B4FF9E0FD22EF7 /* RepositoryListViewModel.swift */; };
		8F955E14AE4FFE177B5A4EA1 /* RepositoryRowView.swift in Sources */ = {isa = PBXBuildFile; fileRef = 78B6B89789B3C83F0EB72165 /* RepositoryRowView.swift */; };
		923CBF4F13176BA71DD54EC9 /* AppSettings.swift in Sources */ = {isa = PBXBuildFile; fileRef = CEE0C63E8B10F5BDF7D18252 /* AppSettings.swift */; };
		96620B8410299CC0859AAFF8 /* ManageMemoUseCase.swift in Sources */ = {isa = PBXBuildFile; fileRef = 65B71D1BADB462CFB0D16806 /* ManageMemoUseCase.swift */; };
		9786B4EC3A2F72D083D144A9 /* SwiftTerm in Frameworks */ = {isa = PBXBuildFile; productRef = 28D4BB324A4119D419248010 /* SwiftTerm */; };
		9FC6E8199E5501F6FC864A89 /* FetchRepositoriesUseCase.swift in Sources */ = {isa = PBXBuildFile; fileRef = 791FBCE9FFF5A969494AB92F /* FetchRepositoriesUseCase.swift */; };
		A1CF707537C74EA6AC974B73 /* SettingsRepositoryProtocol.swift in Sources */ = {isa = PBXBuildFile; fileRef = D0A977FA7195A1EBE4380D21 /* SettingsRepositoryProtocol.swift */; };
		ACE0FED3D1417411DAC971CE /* TerminalExecutionService.swift in Sources */ = {isa = PBXBuildFile; fileRef = 2C638BFB9F603EFA7133FE18 /* TerminalExecutionService.swift */; };
		AD7CBB6CBCD5DE787E130027 /* GitHubAPIService.swift in Sources */ = {isa = PBXBuildFile; fileRef = F9552B1F13DBB64029206E12 /* GitHubAPIService.swift */; };
		ADEB440D246432C8EAD81273 /* AppEnvironment.swift in Sources */ = {isa = PBXBuildFile; fileRef = EE0A9C8B6E0E7AB354759E50 /* AppEnvironment.swift */; };
		C326325AE825CEEAE98764FE /* MemoTests.swift in Sources */ = {isa = PBXBuildFile; fileRef = 3240FD0B0EBE3D103A30235C /* MemoTests.swift */; };
		C513893030FC16CBAEA0A4DF /* SettingsViewModel.swift in Sources */ = {isa = PBXBuildFile; fileRef = DF6588553C3CD0D37D81886B /* SettingsViewModel.swift */; };
		D114F5A67178BF2943C45B32 /* RepositoryItem.swift in Sources */ = {isa = PBXBuildFile; fileRef = 2772B92764AD26E5F40702F4 /* RepositoryItem.swift */; };
		D5BF6601E816734C313C6269 /* DomainTests.swift in Sources */ = {isa = PBXBuildFile; fileRef = 5FD7CB7A83B18850134BDBDF /* DomainTests.swift */; };
		E41FF877CCE004B56240F2C8 /* MemoRepositoryProtocol.swift in Sources */ = {isa = PBXBuildFile; fileRef = 8C403F7EC7061C2FEA14FB64 /* MemoRepositoryProtocol.swift */; };
		E5AAFBDC9D3A73FEA0B59F6E /* NotificationManager.swift in Sources */ = {isa = PBXBuildFile; fileRef = ACA26D8762B0E2D96665FFBB /* NotificationManager.swift */; };
		EAC8FC6BAE9EF24F80DD3E3B /* MemoTimelineView.swift in Sources */ = {isa = PBXBuildFile; fileRef = 8997BA1C86EC51CFCE2465DC /* MemoTimelineView.swift */; };
		ED0EDFBF873BA853E570BFF2 /* RepositoryDetailView.swift in Sources */ = {isa = PBXBuildFile; fileRef = 2AAC19058C85728F61583245 /* RepositoryDetailView.swift */; };
		F226F1F6A2DC8C8CA7A2B0AF /* RepositoryDetailViewModel.swift in Sources */ = {isa = PBXBuildFile; fileRef = B4C301D0D6937B88B89A751A /* RepositoryDetailViewModel.swift */; };
		FFC1150677666478898BBE73 /* RepositorySelectionSheet.swift in Sources */ = {isa = PBXBuildFile; fileRef = 7F399A792AAB02BF68B4FBFD /* RepositorySelectionSheet.swift */; };
/* End PBXBuildFile section */

/* Begin PBXContainerItemProxy section */
		957852E21908D147D4BF001E /* PBXContainerItemProxy */ = {
			isa = PBXContainerItemProxy;
			containerPortal = 46D91490A9C40AAC7EC917CE /* Project object */;
			proxyType = 1;
			remoteGlobalIDString = 03455E239CF88EF048A46071;
			remoteInfo = WorkManager;
		};
/* End PBXContainerItemProxy section */

/* Begin PBXFileReference section */
		007F84F22A682BA7F3CE8B59 /* ExecuteAgentTaskUseCase.swift */ = {isa = PBXFileReference; lastKnownFileType = sourcecode.swift; path = ExecuteAgentTaskUseCase.swift; sourceTree = "<group>"; };
		0AB7D32B8A076354961EC010 /* SettingsView.swift */ = {isa = PBXFileReference; lastKnownFileType = sourcecode.swift; path = SettingsView.swift; sourceTree = "<group>"; };
		0C0C0C27160C07DC7CF076FE /* MemoItem.swift */ = {isa = PBXFileReference; lastKnownFileType = sourcecode.swift; path = MemoItem.swift; sourceTree = "<group>"; };
		0D28F638F6A6914FAEDB4B0B /* SettingsRepositoryImpl.swift */ = {isa = PBXFileReference; lastKnownFileType = sourcecode.swift; path = SettingsRepositoryImpl.swift; sourceTree = "<group>"; };
		131B88659C46489681314957 /* WorkManager.app */ = {isa = PBXFileReference; explicitFileType = wrapper.application; includeInIndex = 0; path = WorkManager.app; sourceTree = BUILT_PRODUCTS_DIR; };
		1500A86E003B5A851AF2BA12 /* UpdateDockBadgeUseCase.swift */ = {isa = PBXFileReference; lastKnownFileType = sourcecode.swift; path = UpdateDockBadgeUseCase.swift; sourceTree = "<group>"; };
		179F6CF556437DA92518C443 /* LocalPathRepositoryProtocol.swift */ = {isa = PBXFileReference; lastKnownFileType = sourcecode.swift; path = LocalPathRepositoryProtocol.swift; sourceTree = "<group>"; };
		18A6A28447E30EBAF766D67B /* GitHubRepositoryImpl.swift */ = {isa = PBXFileReference; lastKnownFileType = sourcecode.swift; path = GitHubRepositoryImpl.swift; sourceTree = "<group>"; };
		1938A79172B4FF9E0FD22EF7 /* RepositoryListViewModel.swift */ = {isa = PBXFileReference; lastKnownFileType = sourcecode.swift; path = RepositoryListViewModel.swift; sourceTree = "<group>"; };
		1FEDBC1B513BA6D426864208 /* GitHubDTOs.swift */ = {isa = PBXFileReference; lastKnownFileType = sourcecode.swift; path = GitHubDTOs.swift; sourceTree = "<group>"; };
		2772B92764AD26E5F40702F4 /* RepositoryItem.swift */ = {isa = PBXFileReference; lastKnownFileType = sourcecode.swift; path = RepositoryItem.swift; sourceTree = "<group>"; };
		2A98E22F7A180A0F3BE2088B /* GitHubRepositoryProtocol.swift */ = {isa = PBXFileReference; lastKnownFileType = sourcecode.swift; path = GitHubRepositoryProtocol.swift; sourceTree = "<group>"; };
		2AAC19058C85728F61583245 /* RepositoryDetailView.swift */ = {isa = PBXFileReference; lastKnownFileType = sourcecode.swift; path = RepositoryDetailView.swift; sourceTree = "<group>"; };
		2AC146303C6D51228FD0F53A /* WorkManagerTests.xctest */ = {isa = PBXFileReference; explicitFileType = wrapper.cfbundle; includeInIndex = 0; path = WorkManagerTests.xctest; sourceTree = BUILT_PRODUCTS_DIR; };
		2C638BFB9F603EFA7133FE18 /* TerminalExecutionService.swift */ = {isa = PBXFileReference; lastKnownFileType = sourcecode.swift; path = TerminalExecutionService.swift; sourceTree = "<group>"; };
		3240FD0B0EBE3D103A30235C /* MemoTests.swift */ = {isa = PBXFileReference; lastKnownFileType = sourcecode.swift; path = MemoTests.swift; sourceTree = "<group>"; };
		472ED61589B5113ADEAEB151 /* LocalPathRepositoryImpl.swift */ = {isa = PBXFileReference; lastKnownFileType = sourcecode.swift; path = LocalPathRepositoryImpl.swift; sourceTree = "<group>"; };
		5BCE8E128264A64D9CB5E525 /* AppTheme.swift */ = {isa = PBXFileReference; lastKnownFileType = sourcecode.swift; path = AppTheme.swift; sourceTree = "<group>"; };
		5FD7CB7A83B18850134BDBDF /* DomainTests.swift */ = {isa = PBXFileReference; lastKnownFileType = sourcecode.swift; path = DomainTests.swift; sourceTree = "<group>"; };
		61804C0A0E6DC30253ACC858 /* MemoRepositoryImpl.swift */ = {isa = PBXFileReference; lastKnownFileType = sourcecode.swift; path = MemoRepositoryImpl.swift; sourceTree = "<group>"; };
		65B71D1BADB462CFB0D16806 /* ManageMemoUseCase.swift */ = {isa = PBXFileReference; lastKnownFileType = sourcecode.swift; path = ManageMemoUseCase.swift; sourceTree = "<group>"; };
		752963292FA4C66FD1B194BD /* WorkManagerApp.swift */ = {isa = PBXFileReference; lastKnownFileType = sourcecode.swift; path = WorkManagerApp.swift; sourceTree = "<group>"; };
		78B6B89789B3C83F0EB72165 /* RepositoryRowView.swift */ = {isa = PBXFileReference; lastKnownFileType = sourcecode.swift; path = RepositoryRowView.swift; sourceTree = "<group>"; };
		791FBCE9FFF5A969494AB92F /* FetchRepositoriesUseCase.swift */ = {isa = PBXFileReference; lastKnownFileType = sourcecode.swift; path = FetchRepositoriesUseCase.swift; sourceTree = "<group>"; };
		7BAC6D6E9DB8A6681A711198 /* SidebarView.swift */ = {isa = PBXFileReference; lastKnownFileType = sourcecode.swift; path = SidebarView.swift; sourceTree = "<group>"; };
		7F399A792AAB02BF68B4FBFD /* RepositorySelectionSheet.swift */ = {isa = PBXFileReference; lastKnownFileType = sourcecode.swift; path = RepositorySelectionSheet.swift; sourceTree = "<group>"; };
		8997BA1C86EC51CFCE2465DC /* MemoTimelineView.swift */ = {isa = PBXFileReference; lastKnownFileType = sourcecode.swift; path = MemoTimelineView.swift; sourceTree = "<group>"; };
		8B160411363C5865AEEFE15F /* LocalMemoStorage.swift */ = {isa = PBXFileReference; lastKnownFileType = sourcecode.swift; path = LocalMemoStorage.swift; sourceTree = "<group>"; };
		8C403F7EC7061C2FEA14FB64 /* MemoRepositoryProtocol.swift */ = {isa = PBXFileReference; lastKnownFileType = sourcecode.swift; path = MemoRepositoryProtocol.swift; sourceTree = "<group>"; };
		9C63CDDA8CBAD0938A54EA48 /* TerminalExecutionServiceProtocol.swift */ = {isa = PBXFileReference; lastKnownFileType = sourcecode.swift; path = TerminalExecutionServiceProtocol.swift; sourceTree = "<group>"; };
		A40D704AFDA0713DC28176A7 /* CalculateStaleStatusUseCase.swift */ = {isa = PBXFileReference; lastKnownFileType = sourcecode.swift; path = CalculateStaleStatusUseCase.swift; sourceTree = "<group>"; };
		A966C1D8BD3A3B795EA72EF7 /* MainSplitView.swift */ = {isa = PBXFileReference; lastKnownFileType = sourcecode.swift; path = MainSplitView.swift; sourceTree = "<group>"; };
		ACA26D8762B0E2D96665FFBB /* NotificationManager.swift */ = {isa = PBXFileReference; lastKnownFileType = sourcecode.swift; path = NotificationManager.swift; sourceTree = "<group>"; };
		B4C301D0D6937B88B89A751A /* RepositoryDetailViewModel.swift */ = {isa = PBXFileReference; lastKnownFileType = sourcecode.swift; path = RepositoryDetailViewModel.swift; sourceTree = "<group>"; };
		B9B61F283DC26EF29BF0F2B4 /* AgentTaskTests.swift */ = {isa = PBXFileReference; lastKnownFileType = sourcecode.swift; path = AgentTaskTests.swift; sourceTree = "<group>"; };
		C27168D309799E097A1AADC2 /* DockBadgeManager.swift */ = {isa = PBXFileReference; lastKnownFileType = sourcecode.swift; path = DockBadgeManager.swift; sourceTree = "<group>"; };
		CEE0C63E8B10F5BDF7D18252 /* AppSettings.swift */ = {isa = PBXFileReference; lastKnownFileType = sourcecode.swift; path = AppSettings.swift; sourceTree = "<group>"; };
		D0A977FA7195A1EBE4380D21 /* SettingsRepositoryProtocol.swift */ = {isa = PBXFileReference; lastKnownFileType = sourcecode.swift; path = SettingsRepositoryProtocol.swift; sourceTree = "<group>"; };
		DF6588553C3CD0D37D81886B /* SettingsViewModel.swift */ = {isa = PBXFileReference; lastKnownFileType = sourcecode.swift; path = SettingsViewModel.swift; sourceTree = "<group>"; };
		E7B30D1A87A02CDC3B660850 /* ScheduleNotificationUseCase.swift */ = {isa = PBXFileReference; lastKnownFileType = sourcecode.swift; path = ScheduleNotificationUseCase.swift; sourceTree = "<group>"; };
		E8777510DD8519BD7F06966E /* StaleStatus.swift */ = {isa = PBXFileReference; lastKnownFileType = sourcecode.swift; path = StaleStatus.swift; sourceTree = "<group>"; };
		EE0A9C8B6E0E7AB354759E50 /* AppEnvironment.swift */ = {isa = PBXFileReference; lastKnownFileType = sourcecode.swift; path = AppEnvironment.swift; sourceTree = "<group>"; };
		F9552B1F13DBB64029206E12 /* GitHubAPIService.swift */ = {isa = PBXFileReference; lastKnownFileType = sourcecode.swift; path = GitHubAPIService.swift; sourceTree = "<group>"; };
/* End PBXFileReference section */

/* Begin PBXFrameworksBuildPhase section */
		2E56868F3481D3F4F8946433 /* Frameworks */ = {
			isa = PBXFrameworksBuildPhase;
			buildActionMask = 2147483647;
			files = (
				9786B4EC3A2F72D083D144A9 /* SwiftTerm in Frameworks */,
			);
			runOnlyForDeploymentPostprocessing = 0;
		};
/* End PBXFrameworksBuildPhase section */

/* Begin PBXGroup section */
		01FF5B2779F29D75862F0396 /* Sidebar */ = {
			isa = PBXGroup;
			children = (
				78B6B89789B3C83F0EB72165 /* RepositoryRowView.swift */,
				7F399A792AAB02BF68B4FBFD /* RepositorySelectionSheet.swift */,
				7BAC6D6E9DB8A6681A711198 /* SidebarView.swift */,
			);
			path = Sidebar;
			sourceTree = "<group>";
		};
		069A0D33801248FB6257A763 /* Tests */ = {
			isa = PBXGroup;
			children = (
				3C6CC35917BE76AE8304FDB6 /* WorkManagerTests */,
			);
			path = Tests;
			sourceTree = "<group>";
		};
		0FA699DDC0D33044772FD3FE /* Settings */ = {
			isa = PBXGroup;
			children = (
				0AB7D32B8A076354961EC010 /* SettingsView.swift */,
			);
			path = Settings;
			sourceTree = "<group>";
		};
		15C8AE500CACF4E215D5838A /* App */ = {
			isa = PBXGroup;
			children = (
				EE0A9C8B6E0E7AB354759E50 /* AppEnvironment.swift */,
				752963292FA4C66FD1B194BD /* WorkManagerApp.swift */,
			);
			path = App;
			sourceTree = "<group>";
		};
		1C18BF55A415CE86C64049A1 /* WorkManager */ = {
			isa = PBXGroup;
			children = (
				15C8AE500CACF4E215D5838A /* App */,
				8C306C162F9B2DB92B2CD8DD /* Data */,
				E4317D675B8A10213775B076 /* Domain */,
				D9E6AA06BD52F6F3248E7A26 /* Presentation */,
			);
			path = WorkManager;
			sourceTree = "<group>";
		};
		1D806373B410D89B37B4616C /* System */ = {
			isa = PBXGroup;
			children = (
				C27168D309799E097A1AADC2 /* DockBadgeManager.swift */,
				ACA26D8762B0E2D96665FFBB /* NotificationManager.swift */,
				2C638BFB9F603EFA7133FE18 /* TerminalExecutionService.swift */,
			);
			path = System;
			sourceTree = "<group>";
		};
		2FD1404D52188CD86D3C8B9C /* Views */ = {
			isa = PBXGroup;
			children = (
				A966C1D8BD3A3B795EA72EF7 /* MainSplitView.swift */,
				9E0E6D6BCD692CA9BD79728D /* Detail */,
				0FA699DDC0D33044772FD3FE /* Settings */,
				01FF5B2779F29D75862F0396 /* Sidebar */,
			);
			path = Views;
			sourceTree = "<group>";
		};
		349C567A1D7E570329AC658D /* ViewModels */ = {
			isa = PBXGroup;
			children = (
				B4C301D0D6937B88B89A751A /* RepositoryDetailViewModel.swift */,
				1938A79172B4FF9E0FD22EF7 /* RepositoryListViewModel.swift */,
				DF6588553C3CD0D37D81886B /* SettingsViewModel.swift */,
			);
			path = ViewModels;
			sourceTree = "<group>";
		};
		3C5DE74A2E107E1EDA5A2322 /* DataSources */ = {
			isa = PBXGroup;
			children = (
				694354EEFF35ECC0D2367E7F /* GitHub */,
				7AE5412F87266C95E3665D71 /* Persistence */,
				1D806373B410D89B37B4616C /* System */,
			);
			path = DataSources;
			sourceTree = "<group>";
		};
		3C6CC35917BE76AE8304FDB6 /* WorkManagerTests */ = {
			isa = PBXGroup;
			children = (
				B9B61F283DC26EF29BF0F2B4 /* AgentTaskTests.swift */,
				5FD7CB7A83B18850134BDBDF /* DomainTests.swift */,
				3240FD0B0EBE3D103A30235C /* MemoTests.swift */,
			);
			path = WorkManagerTests;
			sourceTree = "<group>";
		};
		48A42A9CE26B06B7464FEC72 /* Entities */ = {
			isa = PBXGroup;
			children = (
				CEE0C63E8B10F5BDF7D18252 /* AppSettings.swift */,
				0C0C0C27160C07DC7CF076FE /* MemoItem.swift */,
				2772B92764AD26E5F40702F4 /* RepositoryItem.swift */,
				E8777510DD8519BD7F06966E /* StaleStatus.swift */,
			);
			path = Entities;
			sourceTree = "<group>";
		};
		5729326AAB535E74A43285FD /* UseCases */ = {
			isa = PBXGroup;
			children = (
				A40D704AFDA0713DC28176A7 /* CalculateStaleStatusUseCase.swift */,
				007F84F22A682BA7F3CE8B59 /* ExecuteAgentTaskUseCase.swift */,
				791FBCE9FFF5A969494AB92F /* FetchRepositoriesUseCase.swift */,
				65B71D1BADB462CFB0D16806 /* ManageMemoUseCase.swift */,
				E7B30D1A87A02CDC3B660850 /* ScheduleNotificationUseCase.swift */,
				1500A86E003B5A851AF2BA12 /* UpdateDockBadgeUseCase.swift */,
			);
			path = UseCases;
			sourceTree = "<group>";
		};
		694354EEFF35ECC0D2367E7F /* GitHub */ = {
			isa = PBXGroup;
			children = (
				F9552B1F13DBB64029206E12 /* GitHubAPIService.swift */,
				1FEDBC1B513BA6D426864208 /* GitHubDTOs.swift */,
			);
			path = GitHub;
			sourceTree = "<group>";
		};
		6A9217C53F0B851EBFFB27D1 /* Theme */ = {
			isa = PBXGroup;
			children = (
				5BCE8E128264A64D9CB5E525 /* AppTheme.swift */,
			);
			path = Theme;
			sourceTree = "<group>";
		};
		7AE5412F87266C95E3665D71 /* Persistence */ = {
			isa = PBXGroup;
			children = (
				8B160411363C5865AEEFE15F /* LocalMemoStorage.swift */,
			);
			path = Persistence;
			sourceTree = "<group>";
		};
		857D233A27362DC9EA1F817C /* Products */ = {
			isa = PBXGroup;
			children = (
				131B88659C46489681314957 /* WorkManager.app */,
				2AC146303C6D51228FD0F53A /* WorkManagerTests.xctest */,
			);
			name = Products;
			sourceTree = "<group>";
		};
		8C1044094F5405AA162BDADF /* Sources */ = {
			isa = PBXGroup;
			children = (
				1C18BF55A415CE86C64049A1 /* WorkManager */,
			);
			path = Sources;
			sourceTree = "<group>";
		};
		8C306C162F9B2DB92B2CD8DD /* Data */ = {
			isa = PBXGroup;
			children = (
				3C5DE74A2E107E1EDA5A2322 /* DataSources */,
				CB07B875144802C67956F755 /* Repositories */,
			);
			path = Data;
			sourceTree = "<group>";
		};
		9E0E6D6BCD692CA9BD79728D /* Detail */ = {
			isa = PBXGroup;
			children = (
				8997BA1C86EC51CFCE2465DC /* MemoTimelineView.swift */,
				2AAC19058C85728F61583245 /* RepositoryDetailView.swift */,
			);
			path = Detail;
			sourceTree = "<group>";
		};
		A6E93BC1AEB5204A08D8CED0 = {
			isa = PBXGroup;
			children = (
				8C1044094F5405AA162BDADF /* Sources */,
				069A0D33801248FB6257A763 /* Tests */,
				857D233A27362DC9EA1F817C /* Products */,
			);
			sourceTree = "<group>";
		};
		CB07B875144802C67956F755 /* Repositories */ = {
			isa = PBXGroup;
			children = (
				18A6A28447E30EBAF766D67B /* GitHubRepositoryImpl.swift */,
				472ED61589B5113ADEAEB151 /* LocalPathRepositoryImpl.swift */,
				61804C0A0E6DC30253ACC858 /* MemoRepositoryImpl.swift */,
				0D28F638F6A6914FAEDB4B0B /* SettingsRepositoryImpl.swift */,
			);
			path = Repositories;
			sourceTree = "<group>";
		};
		D9E6AA06BD52F6F3248E7A26 /* Presentation */ = {
			isa = PBXGroup;
			children = (
				6A9217C53F0B851EBFFB27D1 /* Theme */,
				349C567A1D7E570329AC658D /* ViewModels */,
				2FD1404D52188CD86D3C8B9C /* Views */,
			);
			path = Presentation;
			sourceTree = "<group>";
		};
		E4317D675B8A10213775B076 /* Domain */ = {
			isa = PBXGroup;
			children = (
				48A42A9CE26B06B7464FEC72 /* Entities */,
				F92A8D158EE07A76BC4ED064 /* Repositories */,
				5729326AAB535E74A43285FD /* UseCases */,
			);
			path = Domain;
			sourceTree = "<group>";
		};
		F92A8D158EE07A76BC4ED064 /* Repositories */ = {
			isa = PBXGroup;
			children = (
				2A98E22F7A180A0F3BE2088B /* GitHubRepositoryProtocol.swift */,
				179F6CF556437DA92518C443 /* LocalPathRepositoryProtocol.swift */,
				8C403F7EC7061C2FEA14FB64 /* MemoRepositoryProtocol.swift */,
				D0A977FA7195A1EBE4380D21 /* SettingsRepositoryProtocol.swift */,
				9C63CDDA8CBAD0938A54EA48 /* TerminalExecutionServiceProtocol.swift */,
			);
			path = Repositories;
			sourceTree = "<group>";
		};
/* End PBXGroup section */

/* Begin PBXNativeTarget section */
		03455E239CF88EF048A46071 /* WorkManager */ = {
			isa = PBXNativeTarget;
			buildConfigurationList = B05DE11EF8022120E0489814 /* Build configuration list for PBXNativeTarget "WorkManager" */;
			buildPhases = (
				746B097EFFC9954D19BE7A2A /* Sources */,
				2E56868F3481D3F4F8946433 /* Frameworks */,
			);
			buildRules = (
			);
			dependencies = (
			);
			name = WorkManager;
			packageProductDependencies = (
				28D4BB324A4119D419248010 /* SwiftTerm */,
			);
			productName = WorkManager;
			productReference = 131B88659C46489681314957 /* WorkManager.app */;
			productType = "com.apple.product-type.application";
		};
		9717EA451A336C99EF7BBF73 /* WorkManagerTests */ = {
			isa = PBXNativeTarget;
			buildConfigurationList = 072F4F87AFF93661F523BB75 /* Build configuration list for PBXNativeTarget "WorkManagerTests" */;
			buildPhases = (
				08D066B0774FD8A37D67B7BD /* Sources */,
			);
			buildRules = (
			);
			dependencies = (
				49FF723578313C4F0FC37D14 /* PBXTargetDependency */,
			);
			name = WorkManagerTests;
			packageProductDependencies = (
			);
			productName = WorkManagerTests;
			productReference = 2AC146303C6D51228FD0F53A /* WorkManagerTests.xctest */;
			productType = "com.apple.product-type.bundle.unit-test";
		};
/* End PBXNativeTarget section */

/* Begin PBXProject section */
		46D91490A9C40AAC7EC917CE /* Project object */ = {
			isa = PBXProject;
			attributes = {
				BuildIndependentTargetsInParallel = YES;
				LastUpgradeCheck = 1600;
				TargetAttributes = {
				};
			};
			buildConfigurationList = A2A4BE208B256595D91E931C /* Build configuration list for PBXProject "WorkManager" */;
			developmentRegion = en;
			hasScannedForEncodings = 0;
			knownRegions = (
				Base,
				en,
			);
			mainGroup = A6E93BC1AEB5204A08D8CED0;
			minimizedProjectReferenceProxies = 1;
			packageReferences = (
				196C9188E40DE3AA96757671 /* XCRemoteSwiftPackageReference "SwiftTerm" */,
			);
			preferredProjectObjectVersion = 77;
			productRefGroup = 857D233A27362DC9EA1F817C /* Products */;
			projectDirPath = "";
			projectRoot = "";
			targets = (
				03455E239CF88EF048A46071 /* WorkManager */,
				9717EA451A336C99EF7BBF73 /* WorkManagerTests */,
			);
		};
/* End PBXProject section */

/* Begin PBXSourcesBuildPhase section */
		08D066B0774FD8A37D67B7BD /* Sources */ = {
			isa = PBXSourcesBuildPhase;
			buildActionMask = 2147483647;
			files = (
				41B83BFB89E577BB61C41014 /* AgentTaskTests.swift in Sources */,
				D5BF6601E816734C313C6269 /* DomainTests.swift in Sources */,
				C326325AE825CEEAE98764FE /* MemoTests.swift in Sources */,
			);
			runOnlyForDeploymentPostprocessing = 0;
		};
		746B097EFFC9954D19BE7A2A /* Sources */ = {
			isa = PBXSourcesBuildPhase;
			buildActionMask = 2147483647;
			files = (
				ADEB440D246432C8EAD81273 /* AppEnvironment.swift in Sources */,
				923CBF4F13176BA71DD54EC9 /* AppSettings.swift in Sources */,
				29FC4336058E57DA7958AD26 /* AppTheme.swift in Sources */,
				161651711370A842CCB897C5 /* CalculateStaleStatusUseCase.swift in Sources */,
				092DFF4512259E1CA2ED1ADB /* DockBadgeManager.swift in Sources */,
				2668B2A492F78CA6C0E40DFE /* ExecuteAgentTaskUseCase.swift in Sources */,
				9FC6E8199E5501F6FC864A89 /* FetchRepositoriesUseCase.swift in Sources */,
				AD7CBB6CBCD5DE787E130027 /* GitHubAPIService.swift in Sources */,
				1B691F4B3176149649721FC2 /* GitHubDTOs.swift in Sources */,
				227C1D30A832EB1CCC528385 /* GitHubRepositoryImpl.swift in Sources */,
				3B8710A02E35FEB3689A174C /* GitHubRepositoryProtocol.swift in Sources */,
				59BC72BC73A82A786F91416C /* LocalMemoStorage.swift in Sources */,
				0F538761442609D8A4A38752 /* LocalPathRepositoryImpl.swift in Sources */,
				59DA7A9FED7A113150DDE633 /* LocalPathRepositoryProtocol.swift in Sources */,
				36FD5760721A81E5A1AA94A8 /* MainSplitView.swift in Sources */,
				96620B8410299CC0859AAFF8 /* ManageMemoUseCase.swift in Sources */,
				09CE1EA15058628155CB8FE3 /* MemoItem.swift in Sources */,
				3B6EF7D976A310751A79EA79 /* MemoRepositoryImpl.swift in Sources */,
				E41FF877CCE004B56240F2C8 /* MemoRepositoryProtocol.swift in Sources */,
				EAC8FC6BAE9EF24F80DD3E3B /* MemoTimelineView.swift in Sources */,
				E5AAFBDC9D3A73FEA0B59F6E /* NotificationManager.swift in Sources */,
				ED0EDFBF873BA853E570BFF2 /* RepositoryDetailView.swift in Sources */,
				F226F1F6A2DC8C8CA7A2B0AF /* RepositoryDetailViewModel.swift in Sources */,
				D114F5A67178BF2943C45B32 /* RepositoryItem.swift in Sources */,
				8B39A74BC1CC7FA77A91A4A0 /* RepositoryListViewModel.swift in Sources */,
				8F955E14AE4FFE177B5A4EA1 /* RepositoryRowView.swift in Sources */,
				FFC1150677666478898BBE73 /* RepositorySelectionSheet.swift in Sources */,
				57D489E6D405C90CFEAD10EB /* ScheduleNotificationUseCase.swift in Sources */,
				4F8A15B05657FD189EEE1372 /* SettingsRepositoryImpl.swift in Sources */,
				A1CF707537C74EA6AC974B73 /* SettingsRepositoryProtocol.swift in Sources */,
				5A9C124BECCA97242FD50208 /* SettingsView.swift in Sources */,
				C513893030FC16CBAEA0A4DF /* SettingsViewModel.swift in Sources */,
				855A043C45E285A1201CC730 /* SidebarView.swift in Sources */,
				3B716490915E2F5723833D09 /* StaleStatus.swift in Sources */,
				ACE0FED3D1417411DAC971CE /* TerminalExecutionService.swift in Sources */,
				4BA0E16657C3358B8AD6981C /* TerminalExecutionServiceProtocol.swift in Sources */,
				32994964EBD9F7520532C2CA /* UpdateDockBadgeUseCase.swift in Sources */,
				39AADA0329891019D9EAE908 /* WorkManagerApp.swift in Sources */,
			);
			runOnlyForDeploymentPostprocessing = 0;
		};
/* End PBXSourcesBuildPhase section */

/* Begin PBXTargetDependency section */
		49FF723578313C4F0FC37D14 /* PBXTargetDependency */ = {
			isa = PBXTargetDependency;
			target = 03455E239CF88EF048A46071 /* WorkManager */;
			targetProxy = 957852E21908D147D4BF001E /* PBXContainerItemProxy */;
		};
/* End PBXTargetDependency section */

/* Begin XCBuildConfiguration section */
		423DE4357E253DB536C3E7A0 /* Debug */ = {
			isa = XCBuildConfiguration;
			buildSettings = {
				ASSETCATALOG_COMPILER_APPICON_NAME = "";
				COMBINE_HIDPI_IMAGES = YES;
				INFOPLIST_FILE = Support/Info.plist;
				LD_RUNPATH_SEARCH_PATHS = (
					"$(inherited)",
					"@executable_path/../Frameworks",
				);
				MACOSX_DEPLOYMENT_TARGET = 14.0;
				PRODUCT_BUNDLE_IDENTIFIER = com.workmanager.macos;
				PRODUCT_NAME = WorkManager;
				SDKROOT = macosx;
			};
			name = Debug;
		};
		4FB5AE7955907CA6046BD059 /* Debug */ = {
			isa = XCBuildConfiguration;
			buildSettings = {
				ALWAYS_SEARCH_USER_PATHS = NO;
				CLANG_ANALYZER_NONNULL = YES;
				CLANG_ANALYZER_NUMBER_OBJECT_CONVERSION = YES_AGGRESSIVE;
				CLANG_CXX_LANGUAGE_STANDARD = "gnu++14";
				CLANG_CXX_LIBRARY = "libc++";
				CLANG_ENABLE_MODULES = YES;
				CLANG_ENABLE_OBJC_ARC = YES;
				CLANG_ENABLE_OBJC_WEAK = YES;
				CLANG_WARN_BLOCK_CAPTURE_AUTORELEASING = YES;
				CLANG_WARN_BOOL_CONVERSION = YES;
				CLANG_WARN_COMMA = YES;
				CLANG_WARN_CONSTANT_CONVERSION = YES;
				CLANG_WARN_DEPRECATED_OBJC_IMPLEMENTATIONS = YES;
				CLANG_WARN_DIRECT_OBJC_ISA_USAGE = YES_ERROR;
				CLANG_WARN_DOCUMENTATION_COMMENTS = YES;
				CLANG_WARN_EMPTY_BODY = YES;
				CLANG_WARN_ENUM_CONVERSION = YES;
				CLANG_WARN_INFINITE_RECURSION = YES;
				CLANG_WARN_INT_CONVERSION = YES;
				CLANG_WARN_NON_LITERAL_NULL_CONVERSION = YES;
				CLANG_WARN_OBJC_IMPLICIT_RETAIN_SELF = YES;
				CLANG_WARN_OBJC_LITERAL_CONVERSION = YES;
				CLANG_WARN_OBJC_ROOT_CLASS = YES_ERROR;
				CLANG_WARN_QUOTED_INCLUDE_IN_FRAMEWORK_HEADER = YES;
				CLANG_WARN_RANGE_LOOP_ANALYSIS = YES;
				CLANG_WARN_STRICT_PROTOTYPES = YES;
				CLANG_WARN_SUSPICIOUS_MOVE = YES;
				CLANG_WARN_UNGUARDED_AVAILABILITY = YES_AGGRESSIVE;
				CLANG_WARN_UNREACHABLE_CODE = YES;
				CLANG_WARN__DUPLICATE_METHOD_MATCH = YES;
				CODE_SIGNING_ALLOWED = NO;
				COPY_PHASE_STRIP = NO;
				DEBUG_INFORMATION_FORMAT = dwarf;
				ENABLE_STRICT_OBJC_MSGSEND = YES;
				ENABLE_TESTABILITY = YES;
				ENABLE_USER_SCRIPT_SANDBOXING = NO;
				GCC_C_LANGUAGE_STANDARD = gnu11;
				GCC_DYNAMIC_NO_PIC = NO;
				GCC_NO_COMMON_BLOCKS = YES;
				GCC_OPTIMIZATION_LEVEL = 0;
				GCC_PREPROCESSOR_DEFINITIONS = (
					"$(inherited)",
					"DEBUG=1",
				);
				GCC_WARN_64_TO_32_BIT_CONVERSION = YES;
				GCC_WARN_ABOUT_RETURN_TYPE = YES_ERROR;
				GCC_WARN_UNDECLARED_SELECTOR = YES;
				GCC_WARN_UNINITIALIZED_AUTOS = YES_AGGRESSIVE;
				GCC_WARN_UNUSED_FUNCTION = YES;
				GCC_WARN_UNUSED_VARIABLE = YES;
				MACOSX_DEPLOYMENT_TARGET = 14.0;
				MTL_ENABLE_DEBUG_INFO = INCLUDE_SOURCE;
				MTL_FAST_MATH = YES;
				ONLY_ACTIVE_ARCH = YES;
				PRODUCT_NAME = "$(TARGET_NAME)";
				SDKROOT = macosx;
				SWIFT_ACTIVE_COMPILATION_CONDITIONS = DEBUG;
				SWIFT_OPTIMIZATION_LEVEL = "-Onone";
				SWIFT_VERSION = 5.0;
			};
			name = Debug;
		};
		C13CEABDB4C7FC07C6832873 /* Release */ = {
			isa = XCBuildConfiguration;
			buildSettings = {
				ASSETCATALOG_COMPILER_APPICON_NAME = "";
				COMBINE_HIDPI_IMAGES = YES;
				INFOPLIST_FILE = Support/Info.plist;
				LD_RUNPATH_SEARCH_PATHS = (
					"$(inherited)",
					"@executable_path/../Frameworks",
				);
				MACOSX_DEPLOYMENT_TARGET = 14.0;
				PRODUCT_BUNDLE_IDENTIFIER = com.workmanager.macos;
				PRODUCT_NAME = WorkManager;
				SDKROOT = macosx;
			};
			name = Release;
		};
		C4D811C02EDF61D5880B101F /* Debug */ = {
			isa = XCBuildConfiguration;
			buildSettings = {
				BUNDLE_LOADER = "$(TEST_HOST)";
				COMBINE_HIDPI_IMAGES = YES;
				LD_RUNPATH_SEARCH_PATHS = (
					"$(inherited)",
					"@executable_path/../Frameworks",
					"@loader_path/../Frameworks",
				);
				MACOSX_DEPLOYMENT_TARGET = 14.0;
				PRODUCT_BUNDLE_IDENTIFIER = com.workmanager.macos.tests;
				PRODUCT_NAME = WorkManagerTests;
				SDKROOT = macosx;
				TEST_HOST = "$(BUILT_PRODUCTS_DIR)/WorkManager.app/Contents/MacOS/WorkManager";
			};
			name = Debug;
		};
		DA737D82FCD84825C9BF9518 /* Release */ = {
			isa = XCBuildConfiguration;
			buildSettings = {
				BUNDLE_LOADER = "$(TEST_HOST)";
				COMBINE_HIDPI_IMAGES = YES;
				LD_RUNPATH_SEARCH_PATHS = (
					"$(inherited)",
					"@executable_path/../Frameworks",
					"@loader_path/../Frameworks",
				);
				MACOSX_DEPLOYMENT_TARGET = 14.0;
				PRODUCT_BUNDLE_IDENTIFIER = com.workmanager.macos.tests;
				PRODUCT_NAME = WorkManagerTests;
				SDKROOT = macosx;
				TEST_HOST = "$(BUILT_PRODUCTS_DIR)/WorkManager.app/Contents/MacOS/WorkManager";
			};
			name = Release;
		};
		F9A4654AF6E2F9DDDE9339F1 /* Release */ = {
			isa = XCBuildConfiguration;
			buildSettings = {
				ALWAYS_SEARCH_USER_PATHS = NO;
				CLANG_ANALYZER_NONNULL = YES;
				CLANG_ANALYZER_NUMBER_OBJECT_CONVERSION = YES_AGGRESSIVE;
				CLANG_CXX_LANGUAGE_STANDARD = "gnu++14";
				CLANG_CXX_LIBRARY = "libc++";
				CLANG_ENABLE_MODULES = YES;
				CLANG_ENABLE_OBJC_ARC = YES;
				CLANG_ENABLE_OBJC_WEAK = YES;
				CLANG_WARN_BLOCK_CAPTURE_AUTORELEASING = YES;
				CLANG_WARN_BOOL_CONVERSION = YES;
				CLANG_WARN_COMMA = YES;
				CLANG_WARN_CONSTANT_CONVERSION = YES;
				CLANG_WARN_DEPRECATED_OBJC_IMPLEMENTATIONS = YES;
				CLANG_WARN_DIRECT_OBJC_ISA_USAGE = YES_ERROR;
				CLANG_WARN_DOCUMENTATION_COMMENTS = YES;
				CLANG_WARN_EMPTY_BODY = YES;
				CLANG_WARN_ENUM_CONVERSION = YES;
				CLANG_WARN_INFINITE_RECURSION = YES;
				CLANG_WARN_INT_CONVERSION = YES;
				CLANG_WARN_NON_LITERAL_NULL_CONVERSION = YES;
				CLANG_WARN_OBJC_IMPLICIT_RETAIN_SELF = YES;
				CLANG_WARN_OBJC_LITERAL_CONVERSION = YES;
				CLANG_WARN_OBJC_ROOT_CLASS = YES_ERROR;
				CLANG_WARN_QUOTED_INCLUDE_IN_FRAMEWORK_HEADER = YES;
				CLANG_WARN_RANGE_LOOP_ANALYSIS = YES;
				CLANG_WARN_STRICT_PROTOTYPES = YES;
				CLANG_WARN_SUSPICIOUS_MOVE = YES;
				CLANG_WARN_UNGUARDED_AVAILABILITY = YES_AGGRESSIVE;
				CLANG_WARN_UNREACHABLE_CODE = YES;
				CLANG_WARN__DUPLICATE_METHOD_MATCH = YES;
				CODE_SIGNING_ALLOWED = NO;
				COPY_PHASE_STRIP = NO;
				DEBUG_INFORMATION_FORMAT = "dwarf-with-dsym";
				ENABLE_NS_ASSERTIONS = NO;
				ENABLE_STRICT_OBJC_MSGSEND = YES;
				ENABLE_USER_SCRIPT_SANDBOXING = NO;
				GCC_C_LANGUAGE_STANDARD = gnu11;
				GCC_NO_COMMON_BLOCKS = YES;
				GCC_WARN_64_TO_32_BIT_CONVERSION = YES;
				GCC_WARN_ABOUT_RETURN_TYPE = YES_ERROR;
				GCC_WARN_UNDECLARED_SELECTOR = YES;
				GCC_WARN_UNINITIALIZED_AUTOS = YES_AGGRESSIVE;
				GCC_WARN_UNUSED_FUNCTION = YES;
				GCC_WARN_UNUSED_VARIABLE = YES;
				MACOSX_DEPLOYMENT_TARGET = 14.0;
				MTL_ENABLE_DEBUG_INFO = NO;
				MTL_FAST_MATH = YES;
				PRODUCT_NAME = "$(TARGET_NAME)";
				SDKROOT = macosx;
				SWIFT_COMPILATION_MODE = wholemodule;
				SWIFT_OPTIMIZATION_LEVEL = "-O";
				SWIFT_VERSION = 5.0;
			};
			name = Release;
		};
/* End XCBuildConfiguration section */

/* Begin XCConfigurationList section */
		072F4F87AFF93661F523BB75 /* Build configuration list for PBXNativeTarget "WorkManagerTests" */ = {
			isa = XCConfigurationList;
			buildConfigurations = (
				C4D811C02EDF61D5880B101F /* Debug */,
				DA737D82FCD84825C9BF9518 /* Release */,
			);
			defaultConfigurationIsVisible = 0;
			defaultConfigurationName = Debug;
		};
		A2A4BE208B256595D91E931C /* Build configuration list for PBXProject "WorkManager" */ = {
			isa = XCConfigurationList;
			buildConfigurations = (
				4FB5AE7955907CA6046BD059 /* Debug */,
				F9A4654AF6E2F9DDDE9339F1 /* Release */,
			);
			defaultConfigurationIsVisible = 0;
			defaultConfigurationName = Debug;
		};
		B05DE11EF8022120E0489814 /* Build configuration list for PBXNativeTarget "WorkManager" */ = {
			isa = XCConfigurationList;
			buildConfigurations = (
				423DE4357E253DB536C3E7A0 /* Debug */,
				C13CEABDB4C7FC07C6832873 /* Release */,
			);
			defaultConfigurationIsVisible = 0;
			defaultConfigurationName = Debug;
		};
/* End XCConfigurationList section */

/* Begin XCRemoteSwiftPackageReference section */
		196C9188E40DE3AA96757671 /* XCRemoteSwiftPackageReference "SwiftTerm" */ = {
			isa = XCRemoteSwiftPackageReference;
			repositoryURL = "https://github.com/migueldeicaza/SwiftTerm.git";
			requirement = {
				kind = upToNextMajorVersion;
				minimumVersion = 1.0.0;
			};
		};
/* End XCRemoteSwiftPackageReference section */

/* Begin XCSwiftPackageProductDependency section */
		28D4BB324A4119D419248010 /* SwiftTerm */ = {
			isa = XCSwiftPackageProductDependency;
			package = 196C9188E40DE3AA96757671 /* XCRemoteSwiftPackageReference "SwiftTerm" */;
			productName = SwiftTerm;
		};
/* End XCSwiftPackageProductDependency section */
	};
	rootObject = 46D91490A9C40AAC7EC917CE /* Project object */;
}
